PODS:
  - module_header_example (0.1.0):
    - module_header_framework_b
  - module_header_framework_b (0.1.1):
    - module_header_source_a
  - module_header_source_a (0.1.0)

DEPENDENCIES:
  - module_header_example (from `../`)

SPEC REPOS:
  https://github.com/for-example-test/PrivateSpecRepo.git:
    - module_header_framework_b
    - module_header_source_a

EXTERNAL SOURCES:
  module_header_example:
    :path: "../"

SPEC CHECKSUMS:
  module_header_example: 8692ac274af0c9c76d387dd4b16873ca56550ef3
  module_header_framework_b: eaf829f439084472f3c452e9e87e649251b6b6ee
  module_header_source_a: 26c0dd4f8ef544feb8bc9127508e81eaae6f3172

PODFILE CHECKSUM: ee4a21e4ce558c8feb1fea6931c6c5e570403e8b

COCOAPODS: 1.6.1
